
Microsoft Visual Studio Solution File, Format Version 12.00
# Visual Studio Version 17
VisualStudioVersion = 17.5.33627.172
MinimumVisualStudioVersion = 10.0.40219.1
Project("{FAE04EC0-301F-11D3-BF4B-00C04F79EFBC}") = "H1_Exception_handling", "H1_Exception_handling\H1_Exception_handling.csproj", "{B2602535-F2B3-401B-BE0D-CA4573AC9AF6}"
EndProject
Global
	GlobalSection(SolutionConfigurationPlatforms) = preSolution
		Debug|Any CPU = Debug|Any CPU
		Release|Any CPU = Release|Any CPU
	EndGlobalSection
	GlobalSection(ProjectConfigurationPlatforms) = postSolution
		{B2602535-F2B3-401B-BE0D-CA4573AC9AF6}.Debug|Any CPU.ActiveCfg = Debug|Any CPU
		{B2602535-F2B3-401B-BE0D-CA4573AC9AF6}.Debug|Any CPU.Build.0 = Debug|Any CPU
		{B2602535-F2B3-401B-BE0D-CA4573AC9AF6}.Release|Any CPU.ActiveCfg = Release|Any CPU
		{B2602535-F2B3-401B-BE0D-CA4573AC9AF6}.Release|Any CPU.Build.0 = Release|Any CPU
	EndGlobalSection
	GlobalSection(SolutionProperties) = preSolution
		HideSolutionNode = FALSE
	EndGlobalSection
	GlobalSection(ExtensibilityGlobals) = postSolution
		SolutionGuid = {585C0CD2-CE3E-4A83-A627-5B6E688A7EE3}
	EndGlobalSection
EndGlobal
